// !$*UTF8*$!
{
	archiveVersion = 1;
	classes = {
	};
	objectVersion = 55;
	objects = {

/* Begin PBXBuildFile section */
		533E4E26287F0E3C00E7D112 /* AppDelegate.swift in Sources */ = {isa = PBXBuildFile; fileRef = 533E4E25287F0E3C00E7D112 /* AppDelegate.swift */; };
		533E4E28287F0E3C00E7D112 /* SceneDelegate.swift in Sources */ = {isa = PBXBuildFile; fileRef = 533E4E27287F0E3C00E7D112 /* SceneDelegate.swift */; };
		533E4E2F287F0E3D00E7D112 /* Assets.xcassets in Resources */ = {isa = PBXBuildFile; fileRef = 533E4E2E287F0E3D00E7D112 /* Assets.xcassets */; };
		533E4E32287F0E3D00E7D112 /* LaunchScreen.storyboard in Resources */ = {isa = PBXBuildFile; fileRef = 533E4E30287F0E3D00E7D112 /* LaunchScreen.storyboard */; };
		533E4E3D287F0E3D00E7D112 /* TT_LBCTests.swift in Sources */ = {isa = PBXBuildFile; fileRef = 533E4E3C287F0E3D00E7D112 /* TT_LBCTests.swift */; };
		533E4E47287F0E3D00E7D112 /* TT_LBCUITests.swift in Sources */ = {isa = PBXBuildFile; fileRef = 533E4E46287F0E3D00E7D112 /* TT_LBCUITests.swift */; };
		533E4E49287F0E3D00E7D112 /* TT_LBCUITestsLaunchTests.swift in Sources */ = {isa = PBXBuildFile; fileRef = 533E4E48287F0E3D00E7D112 /* TT_LBCUITestsLaunchTests.swift */; };
		533E4E62287F19A000E7D112 /* BaseViewController.swift in Sources */ = {isa = PBXBuildFile; fileRef = 533E4E5D287F19A000E7D112 /* BaseViewController.swift */; };
		533E4E63287F19A000E7D112 /* ViewModel.swift in Sources */ = {isa = PBXBuildFile; fileRef = 533E4E5E287F19A000E7D112 /* ViewModel.swift */; };
		533E4E64287F19A000E7D112 /* Interactor.swift in Sources */ = {isa = PBXBuildFile; fileRef = 533E4E5F287F19A000E7D112 /* Interactor.swift */; };
		533E4E65287F19A000E7D112 /* Presenter.swift in Sources */ = {isa = PBXBuildFile; fileRef = 533E4E60287F19A000E7D112 /* Presenter.swift */; };
		533E4E66287F19A000E7D112 /* LoaderView.swift in Sources */ = {isa = PBXBuildFile; fileRef = 533E4E61287F19A000E7D112 /* LoaderView.swift */; };
		538D24FC287F2D35000E88AC /* CategoriesWorker.swift in Sources */ = {isa = PBXBuildFile; fileRef = 538D24FB287F2D35000E88AC /* CategoriesWorker.swift */; };
		538D24FE287F31D7000E88AC /* CategoryResponse.swift in Sources */ = {isa = PBXBuildFile; fileRef = 538D24FD287F31D7000E88AC /* CategoryResponse.swift */; };
		539D8621288558D600E2686A /* URL+Optional.swift in Sources */ = {isa = PBXBuildFile; fileRef = 539D8620288558D600E2686A /* URL+Optional.swift */; };
		539D86232885590900E2686A /* Decodable+Decode.swift in Sources */ = {isa = PBXBuildFile; fileRef = 539D86222885590900E2686A /* Decodable+Decode.swift */; };
		539D862628855A5100E2686A /* NetworkError.swift in Sources */ = {isa = PBXBuildFile; fileRef = 539D862528855A5100E2686A /* NetworkError.swift */; };
		539D862828855A7E00E2686A /* APIManager.swift in Sources */ = {isa = PBXBuildFile; fileRef = 539D862728855A7E00E2686A /* APIManager.swift */; };
		539D862B28855C9E00E2686A /* Category.swift in Sources */ = {isa = PBXBuildFile; fileRef = 539D862A28855C9E00E2686A /* Category.swift */; };
		539D862E28855E2900E2686A /* PostsWorker.swift in Sources */ = {isa = PBXBuildFile; fileRef = 539D862D28855E2900E2686A /* PostsWorker.swift */; };
		539D863028855EA100E2686A /* PostResponse.swift in Sources */ = {isa = PBXBuildFile; fileRef = 539D862F28855EA100E2686A /* PostResponse.swift */; };
		539D863228855EB900E2686A /* Post.swift in Sources */ = {isa = PBXBuildFile; fileRef = 539D863128855EB900E2686A /* Post.swift */; };
		539D8648288592A500E2686A /* UIColor+Colors.swift in Sources */ = {isa = PBXBuildFile; fileRef = 539D8647288592A500E2686A /* UIColor+Colors.swift */; };
		539D864A28859A9500E2686A /* Log.swift in Sources */ = {isa = PBXBuildFile; fileRef = 539D864928859A9500E2686A /* Log.swift */; };
		539D864C28859B5400E2686A /* Date+String.swift in Sources */ = {isa = PBXBuildFile; fileRef = 539D864B28859B5400E2686A /* Date+String.swift */; };
/* End PBXBuildFile section */

/* Begin PBXContainerItemProxy section */
		533E4E39287F0E3D00E7D112 /* PBXContainerItemProxy */ = {
			isa = PBXContainerItemProxy;
			containerPortal = 533E4E1A287F0E3C00E7D112 /* Project object */;
			proxyType = 1;
			remoteGlobalIDString = 533E4E21287F0E3C00E7D112;
			remoteInfo = TT_LBC;
		};
		533E4E43287F0E3D00E7D112 /* PBXContainerItemProxy */ = {
			isa = PBXContainerItemProxy;
			containerPortal = 533E4E1A287F0E3C00E7D112 /* Project object */;
			proxyType = 1;
			remoteGlobalIDString = 533E4E21287F0E3C00E7D112;
			remoteInfo = TT_LBC;
		};
/* End PBXContainerItemProxy section */

/* Begin PBXFileReference section */
		533E4E22287F0E3C00E7D112 /* TT_LBC.app */ = {isa = PBXFileReference; explicitFileType = wrapper.application; includeInIndex = 0; path = TT_LBC.app; sourceTree = BUILT_PRODUCTS_DIR; };
		533E4E25287F0E3C00E7D112 /* AppDelegate.swift */ = {isa = PBXFileReference; lastKnownFileType = sourcecode.swift; path = AppDelegate.swift; sourceTree = "<group>"; };
		533E4E27287F0E3C00E7D112 /* SceneDelegate.swift */ = {isa = PBXFileReference; lastKnownFileType = sourcecode.swift; path = SceneDelegate.swift; sourceTree = "<group>"; };
		533E4E2E287F0E3D00E7D112 /* Assets.xcassets */ = {isa = PBXFileReference; lastKnownFileType = folder.assetcatalog; path = Assets.xcassets; sourceTree = "<group>"; };
		533E4E31287F0E3D00E7D112 /* Base */ = {isa = PBXFileReference; lastKnownFileType = file.storyboard; name = Base; path = Base.lproj/LaunchScreen.storyboard; sourceTree = "<group>"; };
		533E4E33287F0E3D00E7D112 /* Info.plist */ = {isa = PBXFileReference; lastKnownFileType = text.plist.xml; path = Info.plist; sourceTree = "<group>"; };
		533E4E38287F0E3D00E7D112 /* TT_LBCTests.xctest */ = {isa = PBXFileReference; explicitFileType = wrapper.cfbundle; includeInIndex = 0; path = TT_LBCTests.xctest; sourceTree = BUILT_PRODUCTS_DIR; };
		533E4E3C287F0E3D00E7D112 /* TT_LBCTests.swift */ = {isa = PBXFileReference; lastKnownFileType = sourcecode.swift; path = TT_LBCTests.swift; sourceTree = "<group>"; };
		533E4E42287F0E3D00E7D112 /* TT_LBCUITests.xctest */ = {isa = PBXFileReference; explicitFileType = wrapper.cfbundle; includeInIndex = 0; path = TT_LBCUITests.xctest; sourceTree = BUILT_PRODUCTS_DIR; };
		533E4E46287F0E3D00E7D112 /* TT_LBCUITests.swift */ = {isa = PBXFileReference; lastKnownFileType = sourcecode.swift; path = TT_LBCUITests.swift; sourceTree = "<group>"; };
		533E4E48287F0E3D00E7D112 /* TT_LBCUITestsLaunchTests.swift */ = {isa = PBXFileReference; lastKnownFileType = sourcecode.swift; path = TT_LBCUITestsLaunchTests.swift; sourceTree = "<group>"; };
		533E4E5D287F19A000E7D112 /* BaseViewController.swift */ = {isa = PBXFileReference; lastKnownFileType = sourcecode.swift; path = BaseViewController.swift; sourceTree = "<group>"; };
		533E4E5E287F19A000E7D112 /* ViewModel.swift */ = {isa = PBXFileReference; lastKnownFileType = sourcecode.swift; path = ViewModel.swift; sourceTree = "<group>"; };
		533E4E5F287F19A000E7D112 /* Interactor.swift */ = {isa = PBXFileReference; lastKnownFileType = sourcecode.swift; path = Interactor.swift; sourceTree = "<group>"; };
		533E4E60287F19A000E7D112 /* Presenter.swift */ = {isa = PBXFileReference; lastKnownFileType = sourcecode.swift; path = Presenter.swift; sourceTree = "<group>"; };
		533E4E61287F19A000E7D112 /* LoaderView.swift */ = {isa = PBXFileReference; lastKnownFileType = sourcecode.swift; path = LoaderView.swift; sourceTree = "<group>"; };
		538D24FB287F2D35000E88AC /* CategoriesWorker.swift */ = {isa = PBXFileReference; lastKnownFileType = sourcecode.swift; path = CategoriesWorker.swift; sourceTree = "<group>"; };
		538D24FD287F31D7000E88AC /* CategoryResponse.swift */ = {isa = PBXFileReference; lastKnownFileType = sourcecode.swift; path = CategoryResponse.swift; sourceTree = "<group>"; };
		539D8620288558D600E2686A /* URL+Optional.swift */ = {isa = PBXFileReference; lastKnownFileType = sourcecode.swift; path = "URL+Optional.swift"; sourceTree = "<group>"; };
		539D86222885590900E2686A /* Decodable+Decode.swift */ = {isa = PBXFileReference; lastKnownFileType = sourcecode.swift; path = "Decodable+Decode.swift"; sourceTree = "<group>"; };
		539D862528855A5100E2686A /* NetworkError.swift */ = {isa = PBXFileReference; lastKnownFileType = sourcecode.swift; path = NetworkError.swift; sourceTree = "<group>"; };
		539D862728855A7E00E2686A /* APIManager.swift */ = {isa = PBXFileReference; lastKnownFileType = sourcecode.swift; path = APIManager.swift; sourceTree = "<group>"; };
		539D862A28855C9E00E2686A /* Category.swift */ = {isa = PBXFileReference; lastKnownFileType = sourcecode.swift; path = Category.swift; sourceTree = "<group>"; };
		539D862D28855E2900E2686A /* PostsWorker.swift */ = {isa = PBXFileReference; lastKnownFileType = sourcecode.swift; path = PostsWorker.swift; sourceTree = "<group>"; };
		539D862F28855EA100E2686A /* PostResponse.swift */ = {isa = PBXFileReference; lastKnownFileType = sourcecode.swift; path = PostResponse.swift; sourceTree = "<group>"; };
		539D863128855EB900E2686A /* Post.swift */ = {isa = PBXFileReference; lastKnownFileType = sourcecode.swift; path = Post.swift; sourceTree = "<group>"; };
		539D8647288592A500E2686A /* UIColor+Colors.swift */ = {isa = PBXFileReference; lastKnownFileType = sourcecode.swift; path = "UIColor+Colors.swift"; sourceTree = "<group>"; };
		539D864928859A9500E2686A /* Log.swift */ = {isa = PBXFileReference; lastKnownFileType = sourcecode.swift; path = Log.swift; sourceTree = "<group>"; };
		539D864B28859B5400E2686A /* Date+String.swift */ = {isa = PBXFileReference; lastKnownFileType = sourcecode.swift; path = "Date+String.swift"; sourceTree = "<group>"; };
/* End PBXFileReference section */

/* Begin PBXFrameworksBuildPhase section */
		533E4E1F287F0E3C00E7D112 /* Frameworks */ = {
			isa = PBXFrameworksBuildPhase;
			buildActionMask = 2147483647;
			files = (
			);
			runOnlyForDeploymentPostprocessing = 0;
		};
		533E4E35287F0E3D00E7D112 /* Frameworks */ = {
			isa = PBXFrameworksBuildPhase;
			buildActionMask = 2147483647;
			files = (
			);
			runOnlyForDeploymentPostprocessing = 0;
		};
		533E4E3F287F0E3D00E7D112 /* Frameworks */ = {
			isa = PBXFrameworksBuildPhase;
			buildActionMask = 2147483647;
			files = (
			);
			runOnlyForDeploymentPostprocessing = 0;
		};
/* End PBXFrameworksBuildPhase section */

/* Begin PBXGroup section */
		533E4E19287F0E3C00E7D112 = {
			isa = PBXGroup;
			children = (
				533E4E24287F0E3C00E7D112 /* TT_LBC */,
				533E4E3B287F0E3D00E7D112 /* TT_LBCTests */,
				533E4E45287F0E3D00E7D112 /* TT_LBCUITests */,
				533E4E23287F0E3C00E7D112 /* Products */,
			);
			sourceTree = "<group>";
		};
		533E4E23287F0E3C00E7D112 /* Products */ = {
			isa = PBXGroup;
			children = (
				533E4E22287F0E3C00E7D112 /* TT_LBC.app */,
				533E4E38287F0E3D00E7D112 /* TT_LBCTests.xctest */,
				533E4E42287F0E3D00E7D112 /* TT_LBCUITests.xctest */,
			);
			name = Products;
			sourceTree = "<group>";
		};
		533E4E24287F0E3C00E7D112 /* TT_LBC */ = {
			isa = PBXGroup;
			children = (
				533E4E5A287F177500E7D112 /* App */,
				533E4E59287F176C00E7D112 /* Modules */,
				538D24FA287F2C97000E88AC /* Workers */,
				538D24F7287F2C69000E88AC /* Network */,
				533E4E5C287F198F00E7D112 /* Helpers */,
				533E4E58287F174C00E7D112 /* Resources */,
			);
			path = TT_LBC;
			sourceTree = "<group>";
		};
		533E4E3B287F0E3D00E7D112 /* TT_LBCTests */ = {
			isa = PBXGroup;
			children = (
				533E4E3C287F0E3D00E7D112 /* TT_LBCTests.swift */,
			);
			path = TT_LBCTests;
			sourceTree = "<group>";
		};
		533E4E45287F0E3D00E7D112 /* TT_LBCUITests */ = {
			isa = PBXGroup;
			children = (
				533E4E46287F0E3D00E7D112 /* TT_LBCUITests.swift */,
				533E4E48287F0E3D00E7D112 /* TT_LBCUITestsLaunchTests.swift */,
			);
			path = TT_LBCUITests;
			sourceTree = "<group>";
		};
		533E4E58287F174C00E7D112 /* Resources */ = {
			isa = PBXGroup;
			children = (
				533E4E2E287F0E3D00E7D112 /* Assets.xcassets */,
				533E4E33287F0E3D00E7D112 /* Info.plist */,
			);
			path = Resources;
			sourceTree = "<group>";
		};
		533E4E59287F176C00E7D112 /* Modules */ = {
			isa = PBXGroup;
			children = (
			);
			path = Modules;
			sourceTree = "<group>";
		};
		533E4E5A287F177500E7D112 /* App */ = {
			isa = PBXGroup;
			children = (
				533E4E25287F0E3C00E7D112 /* AppDelegate.swift */,
				533E4E27287F0E3C00E7D112 /* SceneDelegate.swift */,
				533E4E30287F0E3D00E7D112 /* LaunchScreen.storyboard */,
			);
			path = App;
			sourceTree = "<group>";
		};
		533E4E5C287F198F00E7D112 /* Helpers */ = {
			isa = PBXGroup;
			children = (
				533E4E67287F19E400E7D112 /* Architecture */,
				539D862428855A4900E2686A /* Errors */,
				539D861F288558C300E2686A /* Extensions */,
				539D862C28855CA300E2686A /* Protocols */,
				539D862728855A7E00E2686A /* APIManager.swift */,
				539D864928859A9500E2686A /* Log.swift */,
			);
			path = Helpers;
			sourceTree = "<group>";
		};
		533E4E67287F19E400E7D112 /* Architecture */ = {
			isa = PBXGroup;
			children = (
				533E4E5D287F19A000E7D112 /* BaseViewController.swift */,
				533E4E5E287F19A000E7D112 /* ViewModel.swift */,
				533E4E5F287F19A000E7D112 /* Interactor.swift */,
				533E4E60287F19A000E7D112 /* Presenter.swift */,
				533E4E61287F19A000E7D112 /* LoaderView.swift */,
			);
			path = Architecture;
			sourceTree = "<group>";
		};
		538D24F7287F2C69000E88AC /* Network */ = {
			isa = PBXGroup;
			children = (
				538D24F8287F2C77000E88AC /* Responses */,
			);
			path = Network;
			sourceTree = "<group>";
		};
		538D24F8287F2C77000E88AC /* Responses */ = {
			isa = PBXGroup;
			children = (
				538D24FD287F31D7000E88AC /* CategoryResponse.swift */,
				539D862F28855EA100E2686A /* PostResponse.swift */,
			);
			path = Responses;
			sourceTree = "<group>";
		};
		538D24FA287F2C97000E88AC /* Workers */ = {
			isa = PBXGroup;
			children = (
				538D24FB287F2D35000E88AC /* CategoriesWorker.swift */,
				539D862D28855E2900E2686A /* PostsWorker.swift */,
			);
			path = Workers;
			sourceTree = "<group>";
		};
		539D861F288558C300E2686A /* Extensions */ = {
			isa = PBXGroup;
			children = (
				539D864B28859B5400E2686A /* Date+String.swift */,
				539D86222885590900E2686A /* Decodable+Decode.swift */,
				539D8647288592A500E2686A /* UIColor+Colors.swift */,
				539D8620288558D600E2686A /* URL+Optional.swift */,
			);
			path = Extensions;
			sourceTree = "<group>";
		};
		539D862428855A4900E2686A /* Errors */ = {
			isa = PBXGroup;
			children = (
				539D862528855A5100E2686A /* NetworkError.swift */,
			);
			path = Errors;
			sourceTree = "<group>";
		};
		539D862C28855CA300E2686A /* Protocols */ = {
			isa = PBXGroup;
			children = (
				539D862A28855C9E00E2686A /* Category.swift */,
				539D863128855EB900E2686A /* Post.swift */,
			);
			path = Protocols;
			sourceTree = "<group>";
		};
/* End PBXGroup section */

/* Begin PBXNativeTarget section */
		533E4E21287F0E3C00E7D112 /* TT_LBC */ = {
			isa = PBXNativeTarget;
			buildConfigurationList = 533E4E4C287F0E3D00E7D112 /* Build configuration list for PBXNativeTarget "TT_LBC" */;
			buildPhases = (
				533E4E1E287F0E3C00E7D112 /* Sources */,
				533E4E1F287F0E3C00E7D112 /* Frameworks */,
				533E4E20287F0E3C00E7D112 /* Resources */,
			);
			buildRules = (
			);
			dependencies = (
			);
			name = TT_LBC;
			productName = TT_LBC;
			productReference = 533E4E22287F0E3C00E7D112 /* TT_LBC.app */;
			productType = "com.apple.product-type.application";
		};
		533E4E37287F0E3D00E7D112 /* TT_LBCTests */ = {
			isa = PBXNativeTarget;
			buildConfigurationList = 533E4E4F287F0E3D00E7D112 /* Build configuration list for PBXNativeTarget "TT_LBCTests" */;
			buildPhases = (
				533E4E34287F0E3D00E7D112 /* Sources */,
				533E4E35287F0E3D00E7D112 /* Frameworks */,
				533E4E36287F0E3D00E7D112 /* Resources */,
			);
			buildRules = (
			);
			dependencies = (
				533E4E3A287F0E3D00E7D112 /* PBXTargetDependency */,
			);
			name = TT_LBCTests;
			productName = TT_LBCTests;
			productReference = 533E4E38287F0E3D00E7D112 /* TT_LBCTests.xctest */;
			productType = "com.apple.product-type.bundle.unit-test";
		};
		533E4E41287F0E3D00E7D112 /* TT_LBCUITests */ = {
			isa = PBXNativeTarget;
			buildConfigurationList = 533E4E52287F0E3D00E7D112 /* Build configuration list for PBXNativeTarget "TT_LBCUITests" */;
			buildPhases = (
				533E4E3E287F0E3D00E7D112 /* Sources */,
				533E4E3F287F0E3D00E7D112 /* Frameworks */,
				533E4E40287F0E3D00E7D112 /* Resources */,
			);
			buildRules = (
			);
			dependencies = (
				533E4E44287F0E3D00E7D112 /* PBXTargetDependency */,
			);
			name = TT_LBCUITests;
			productName = TT_LBCUITests;
			productReference = 533E4E42287F0E3D00E7D112 /* TT_LBCUITests.xctest */;
			productType = "com.apple.product-type.bundle.ui-testing";
		};
/* End PBXNativeTarget section */

/* Begin PBXProject section */
		533E4E1A287F0E3C00E7D112 /* Project object */ = {
			isa = PBXProject;
			attributes = {
				BuildIndependentTargetsInParallel = 1;
				LastSwiftUpdateCheck = 1340;
				LastUpgradeCheck = 1340;
				TargetAttributes = {
					533E4E21287F0E3C00E7D112 = {
						CreatedOnToolsVersion = 13.4.1;
					};
					533E4E37287F0E3D00E7D112 = {
						CreatedOnToolsVersion = 13.4.1;
						TestTargetID = 533E4E21287F0E3C00E7D112;
					};
					533E4E41287F0E3D00E7D112 = {
						CreatedOnToolsVersion = 13.4.1;
						TestTargetID = 533E4E21287F0E3C00E7D112;
					};
				};
			};
			buildConfigurationList = 533E4E1D287F0E3C00E7D112 /* Build configuration list for PBXProject "TT_LBC" */;
			compatibilityVersion = "Xcode 13.0";
			developmentRegion = en;
			hasScannedForEncodings = 0;
			knownRegions = (
				en,
				Base,
			);
			mainGroup = 533E4E19287F0E3C00E7D112;
			productRefGroup = 533E4E23287F0E3C00E7D112 /* Products */;
			projectDirPath = "";
			projectRoot = "";
			targets = (
				533E4E21287F0E3C00E7D112 /* TT_LBC */,
				533E4E37287F0E3D00E7D112 /* TT_LBCTests */,
				533E4E41287F0E3D00E7D112 /* TT_LBCUITests */,
			);
		};
/* End PBXProject section */

/* Begin PBXResourcesBuildPhase section */
		533E4E20287F0E3C00E7D112 /* Resources */ = {
			isa = PBXResourcesBuildPhase;
			buildActionMask = 2147483647;
			files = (
				533E4E32287F0E3D00E7D112 /* LaunchScreen.storyboard in Resources */,
				533E4E2F287F0E3D00E7D112 /* Assets.xcassets in Resources */,
			);
			runOnlyForDeploymentPostprocessing = 0;
		};
		533E4E36287F0E3D00E7D112 /* Resources */ = {
			isa = PBXResourcesBuildPhase;
			buildActionMask = 2147483647;
			files = (
			);
			runOnlyForDeploymentPostprocessing = 0;
		};
		533E4E40287F0E3D00E7D112 /* Resources */ = {
			isa = PBXResourcesBuildPhase;
			buildActionMask = 2147483647;
			files = (
			);
			runOnlyForDeploymentPostprocessing = 0;
		};
/* End PBXResourcesBuildPhase section */

/* Begin PBXSourcesBuildPhase section */
		533E4E1E287F0E3C00E7D112 /* Sources */ = {
			isa = PBXSourcesBuildPhase;
			buildActionMask = 2147483647;
			files = (
				533E4E65287F19A000E7D112 /* Presenter.swift in Sources */,
				538D24FC287F2D35000E88AC /* CategoriesWorker.swift in Sources */,
				539D863028855EA100E2686A /* PostResponse.swift in Sources */,
				533E4E26287F0E3C00E7D112 /* AppDelegate.swift in Sources */,
				539D863228855EB900E2686A /* Post.swift in Sources */,
				533E4E28287F0E3C00E7D112 /* SceneDelegate.swift in Sources */,
				533E4E66287F19A000E7D112 /* LoaderView.swift in Sources */,
				539D86232885590900E2686A /* Decodable+Decode.swift in Sources */,
				533E4E64287F19A000E7D112 /* Interactor.swift in Sources */,
				539D864C28859B5400E2686A /* Date+String.swift in Sources */,
				533E4E63287F19A000E7D112 /* ViewModel.swift in Sources */,
				539D864A28859A9500E2686A /* Log.swift in Sources */,
				539D8648288592A500E2686A /* UIColor+Colors.swift in Sources */,
				539D8621288558D600E2686A /* URL+Optional.swift in Sources */,
				539D862628855A5100E2686A /* NetworkError.swift in Sources */,
				539D862828855A7E00E2686A /* APIManager.swift in Sources */,
				533E4E62287F19A000E7D112 /* BaseViewController.swift in Sources */,
				539D862E28855E2900E2686A /* PostsWorker.swift in Sources */,
				538D24FE287F31D7000E88AC /* CategoryResponse.swift in Sources */,
				539D862B28855C9E00E2686A /* Category.swift in Sources */,
			);
			runOnlyForDeploymentPostprocessing = 0;
		};
		533E4E34287F0E3D00E7D112 /* Sources */ = {
			isa = PBXSourcesBuildPhase;
			buildActionMask = 2147483647;
			files = (
				533E4E3D287F0E3D00E7D112 /* TT_LBCTests.swift in Sources */,
			);
			runOnlyForDeploymentPostprocessing = 0;
		};
		533E4E3E287F0E3D00E7D112 /* Sources */ = {
			isa = PBXSourcesBuildPhase;
			buildActionMask = 2147483647;
			files = (
				533E4E49287F0E3D00E7D112 /* TT_LBCUITestsLaunchTests.swift in Sources */,
				533E4E47287F0E3D00E7D112 /* TT_LBCUITests.swift in Sources */,
			);
			runOnlyForDeploymentPostprocessing = 0;
		};
/* End PBXSourcesBuildPhase section */

/* Begin PBXTargetDependency section */
		533E4E3A287F0E3D00E7D112 /* PBXTargetDependency */ = {
			isa = PBXTargetDependency;
			target = 533E4E21287F0E3C00E7D112 /* TT_LBC */;
			targetProxy = 533E4E39287F0E3D00E7D112 /* PBXContainerItemProxy */;
		};
		533E4E44287F0E3D00E7D112 /* PBXTargetDependency */ = {
			isa = PBXTargetDependency;
			target = 533E4E21287F0E3C00E7D112 /* TT_LBC */;
			targetProxy = 533E4E43287F0E3D00E7D112 /* PBXContainerItemProxy */;
		};
/* End PBXTargetDependency section */

/* Begin PBXVariantGroup section */
		533E4E30287F0E3D00E7D112 /* LaunchScreen.storyboard */ = {
			isa = PBXVariantGroup;
			children = (
				533E4E31287F0E3D00E7D112 /* Base */,
			);
			name = LaunchScreen.storyboard;
			sourceTree = "<group>";
		};
/* End PBXVariantGroup section */

/* Begin XCBuildConfiguration section */
		533E4E4A287F0E3D00E7D112 /* Debug */ = {
			isa = XCBuildConfiguration;
			buildSettings = {
				ALWAYS_SEARCH_USER_PATHS = NO;
				CLANG_ANALYZER_NONNULL = YES;
				CLANG_ANALYZER_NUMBER_OBJECT_CONVERSION = YES_AGGRESSIVE;
				CLANG_CXX_LANGUAGE_STANDARD = "gnu++17";
				CLANG_ENABLE_MODULES = YES;
				CLANG_ENABLE_OBJC_ARC = YES;
				CLANG_ENABLE_OBJC_WEAK = YES;
				CLANG_WARN_BLOCK_CAPTURE_AUTORELEASING = YES;
				CLANG_WARN_BOOL_CONVERSION = YES;
				CLANG_WARN_COMMA = YES;
				CLANG_WARN_CONSTANT_CONVERSION = YES;
				CLANG_WARN_DEPRECATED_OBJC_IMPLEMENTATIONS = YES;
				CLANG_WARN_DIRECT_OBJC_ISA_USAGE = YES_ERROR;
				CLANG_WARN_DOCUMENTATION_COMMENTS = YES;
				CLANG_WARN_EMPTY_BODY = YES;
				CLANG_WARN_ENUM_CONVERSION = YES;
				CLANG_WARN_INFINITE_RECURSION = YES;
				CLANG_WARN_INT_CONVERSION = YES;
				CLANG_WARN_NON_LITERAL_NULL_CONVERSION = YES;
				CLANG_WARN_OBJC_IMPLICIT_RETAIN_SELF = YES;
				CLANG_WARN_OBJC_LITERAL_CONVERSION = YES;
				CLANG_WARN_OBJC_ROOT_CLASS = YES_ERROR;
				CLANG_WARN_QUOTED_INCLUDE_IN_FRAMEWORK_HEADER = YES;
				CLANG_WARN_RANGE_LOOP_ANALYSIS = YES;
				CLANG_WARN_STRICT_PROTOTYPES = YES;
				CLANG_WARN_SUSPICIOUS_MOVE = YES;
				CLANG_WARN_UNGUARDED_AVAILABILITY = YES_AGGRESSIVE;
				CLANG_WARN_UNREACHABLE_CODE = YES;
				CLANG_WARN__DUPLICATE_METHOD_MATCH = YES;
				COPY_PHASE_STRIP = NO;
				DEBUG_INFORMATION_FORMAT = dwarf;
				ENABLE_STRICT_OBJC_MSGSEND = YES;
				ENABLE_TESTABILITY = YES;
				GCC_C_LANGUAGE_STANDARD = gnu11;
				GCC_DYNAMIC_NO_PIC = NO;
				GCC_NO_COMMON_BLOCKS = YES;
				GCC_OPTIMIZATION_LEVEL = 0;
				GCC_PREPROCESSOR_DEFINITIONS = (
					"DEBUG=1",
					"$(inherited)",
				);
				GCC_WARN_64_TO_32_BIT_CONVERSION = YES;
				GCC_WARN_ABOUT_RETURN_TYPE = YES_ERROR;
				GCC_WARN_UNDECLARED_SELECTOR = YES;
				GCC_WARN_UNINITIALIZED_AUTOS = YES_AGGRESSIVE;
				GCC_WARN_UNUSED_FUNCTION = YES;
				GCC_WARN_UNUSED_VARIABLE = YES;
				IPHONEOS_DEPLOYMENT_TARGET = 15.5;
				MTL_ENABLE_DEBUG_INFO = INCLUDE_SOURCE;
				MTL_FAST_MATH = YES;
				ONLY_ACTIVE_ARCH = YES;
				SDKROOT = iphoneos;
				SWIFT_ACTIVE_COMPILATION_CONDITIONS = DEBUG;
				SWIFT_OPTIMIZATION_LEVEL = "-Onone";
			};
			name = Debug;
		};
		533E4E4B287F0E3D00E7D112 /* Release */ = {
			isa = XCBuildConfiguration;
			buildSettings = {
				ALWAYS_SEARCH_USER_PATHS = NO;
				CLANG_ANALYZER_NONNULL = YES;
				CLANG_ANALYZER_NUMBER_OBJECT_CONVERSION = YES_AGGRESSIVE;
				CLANG_CXX_LANGUAGE_STANDARD = "gnu++17";
				CLANG_ENABLE_MODULES = YES;
				CLANG_ENABLE_OBJC_ARC = YES;
				CLANG_ENABLE_OBJC_WEAK = YES;
				CLANG_WARN_BLOCK_CAPTURE_AUTORELEASING = YES;
				CLANG_WARN_BOOL_CONVERSION = YES;
				CLANG_WARN_COMMA = YES;
				CLANG_WARN_CONSTANT_CONVERSION = YES;
				CLANG_WARN_DEPRECATED_OBJC_IMPLEMENTATIONS = YES;
				CLANG_WARN_DIRECT_OBJC_ISA_USAGE = YES_ERROR;
				CLANG_WARN_DOCUMENTATION_COMMENTS = YES;
				CLANG_WARN_EMPTY_BODY = YES;
				CLANG_WARN_ENUM_CONVERSION = YES;
				CLANG_WARN_INFINITE_RECURSION = YES;
				CLANG_WARN_INT_CONVERSION = YES;
				CLANG_WARN_NON_LITERAL_NULL_CONVERSION = YES;
				CLANG_WARN_OBJC_IMPLICIT_RETAIN_SELF = YES;
				CLANG_WARN_OBJC_LITERAL_CONVERSION = YES;
				CLANG_WARN_OBJC_ROOT_CLASS = YES_ERROR;
				CLANG_WARN_QUOTED_INCLUDE_IN_FRAMEWORK_HEADER = YES;
				CLANG_WARN_RANGE_LOOP_ANALYSIS = YES;
				CLANG_WARN_STRICT_PROTOTYPES = YES;
				CLANG_WARN_SUSPICIOUS_MOVE = YES;
				CLANG_WARN_UNGUARDED_AVAILABILITY = YES_AGGRESSIVE;
				CLANG_WARN_UNREACHABLE_CODE = YES;
				CLANG_WARN__DUPLICATE_METHOD_MATCH = YES;
				COPY_PHASE_STRIP = NO;
				DEBUG_INFORMATION_FORMAT = "dwarf-with-dsym";
				ENABLE_NS_ASSERTIONS = NO;
				ENABLE_STRICT_OBJC_MSGSEND = YES;
				GCC_C_LANGUAGE_STANDARD = gnu11;
				GCC_NO_COMMON_BLOCKS = YES;
				GCC_WARN_64_TO_32_BIT_CONVERSION = YES;
				GCC_WARN_ABOUT_RETURN_TYPE = YES_ERROR;
				GCC_WARN_UNDECLARED_SELECTOR = YES;
				GCC_WARN_UNINITIALIZED_AUTOS = YES_AGGRESSIVE;
				GCC_WARN_UNUSED_FUNCTION = YES;
				GCC_WARN_UNUSED_VARIABLE = YES;
				IPHONEOS_DEPLOYMENT_TARGET = 15.5;
				MTL_ENABLE_DEBUG_INFO = NO;
				MTL_FAST_MATH = YES;
				SDKROOT = iphoneos;
				SWIFT_COMPILATION_MODE = wholemodule;
				SWIFT_OPTIMIZATION_LEVEL = "-O";
				VALIDATE_PRODUCT = YES;
			};
			name = Release;
		};
		533E4E4D287F0E3D00E7D112 /* Debug */ = {
			isa = XCBuildConfiguration;
			buildSettings = {
				ASSETCATALOG_COMPILER_APPICON_NAME = AppIcon;
				ASSETCATALOG_COMPILER_GLOBAL_ACCENT_COLOR_NAME = AccentColor;
				CODE_SIGN_STYLE = Automatic;
				CURRENT_PROJECT_VERSION = 1;
				DEVELOPMENT_TEAM = CTHFA2J274;
				GENERATE_INFOPLIST_FILE = YES;
				INFOPLIST_FILE = TT_LBC/Resources/Info.plist;
				INFOPLIST_KEY_UIApplicationSupportsIndirectInputEvents = YES;
				INFOPLIST_KEY_UILaunchStoryboardName = LaunchScreen;
				INFOPLIST_KEY_UISupportedInterfaceOrientations = UIInterfaceOrientationPortrait;
				INFOPLIST_KEY_UISupportedInterfaceOrientations_iPad = "UIInterfaceOrientationPortrait UIInterfaceOrientationPortraitUpsideDown UIInterfaceOrientationLandscapeLeft UIInterfaceOrientationLandscapeRight";
				INFOPLIST_KEY_UISupportedInterfaceOrientations_iPhone = UIInterfaceOrientationPortrait;
				IPHONEOS_DEPLOYMENT_TARGET = 14.0;
				LD_RUNPATH_SEARCH_PATHS = (
					"$(inherited)",
					"@executable_path/Frameworks",
				);
				MARKETING_VERSION = 1.0;
				PRODUCT_BUNDLE_IDENTIFIER = "fr.thib-lambert.TT-LBC";
				PRODUCT_NAME = "$(TARGET_NAME)";
				SWIFT_EMIT_LOC_STRINGS = YES;
				SWIFT_VERSION = 5.0;
				TARGETED_DEVICE_FAMILY = "1,2";
			};
			name = Debug;
		};
		533E4E4E287F0E3D00E7D112 /* Release */ = {
			isa = XCBuildConfiguration;
			buildSettings = {
				ASSETCATALOG_COMPILER_APPICON_NAME = AppIcon;
				ASSETCATALOG_COMPILER_GLOBAL_ACCENT_COLOR_NAME = AccentColor;
				CODE_SIGN_STYLE = Automatic;
				CURRENT_PROJECT_VERSION = 1;
				DEVELOPMENT_TEAM = CTHFA2J274;
				GENERATE_INFOPLIST_FILE = YES;
				INFOPLIST_FILE = TT_LBC/Resources/Info.plist;
				INFOPLIST_KEY_UIApplicationSupportsIndirectInputEvents = YES;
				INFOPLIST_KEY_UILaunchStoryboardName = LaunchScreen;
				INFOPLIST_KEY_UISupportedInterfaceOrientations = UIInterfaceOrientationPortrait;
				INFOPLIST_KEY_UISupportedInterfaceOrientations_iPad = "UIInterfaceOrientationPortrait UIInterfaceOrientationPortraitUpsideDown UIInterfaceOrientationLandscapeLeft UIInterfaceOrientationLandscapeRight";
				INFOPLIST_KEY_UISupportedInterfaceOrientations_iPhone = UIInterfaceOrientationPortrait;
				IPHONEOS_DEPLOYMENT_TARGET = 14.0;
				LD_RUNPATH_SEARCH_PATHS = (
					"$(inherited)",
					"@executable_path/Frameworks",
				);
				MARKETING_VERSION = 1.0;
				PRODUCT_BUNDLE_IDENTIFIER = "fr.thib-lambert.TT-LBC";
				PRODUCT_NAME = "$(TARGET_NAME)";
				SWIFT_EMIT_LOC_STRINGS = YES;
				SWIFT_VERSION = 5.0;
				TARGETED_DEVICE_FAMILY = "1,2";
			};
			name = Release;
		};
		533E4E50287F0E3D00E7D112 /* Debug */ = {
			isa = XCBuildConfiguration;
			buildSettings = {
				ALWAYS_EMBED_SWIFT_STANDARD_LIBRARIES = YES;
				BUNDLE_LOADER = "$(TEST_HOST)";
				CODE_SIGN_STYLE = Automatic;
				CURRENT_PROJECT_VERSION = 1;
				DEVELOPMENT_TEAM = CTHFA2J274;
				GENERATE_INFOPLIST_FILE = YES;
				IPHONEOS_DEPLOYMENT_TARGET = 15.5;
				MARKETING_VERSION = 1.0;
				PRODUCT_BUNDLE_IDENTIFIER = "fr.thib-lambert.TT-LBCTests";
				PRODUCT_NAME = "$(TARGET_NAME)";
				SWIFT_EMIT_LOC_STRINGS = NO;
				SWIFT_VERSION = 5.0;
				TARGETED_DEVICE_FAMILY = "1,2";
				TEST_HOST = "$(BUILT_PRODUCTS_DIR)/TT_LBC.app/TT_LBC";
			};
			name = Debug;
		};
		533E4E51287F0E3D00E7D112 /* Release */ = {
			isa = XCBuildConfiguration;
			buildSettings = {
				ALWAYS_EMBED_SWIFT_STANDARD_LIBRARIES = YES;
				BUNDLE_LOADER = "$(TEST_HOST)";
				CODE_SIGN_STYLE = Automatic;
				CURRENT_PROJECT_VERSION = 1;
				DEVELOPMENT_TEAM = CTHFA2J274;
				GENERATE_INFOPLIST_FILE = YES;
				IPHONEOS_DEPLOYMENT_TARGET = 15.5;
				MARKETING_VERSION = 1.0;
				PRODUCT_BUNDLE_IDENTIFIER = "fr.thib-lambert.TT-LBCTests";
				PRODUCT_NAME = "$(TARGET_NAME)";
				SWIFT_EMIT_LOC_STRINGS = NO;
				SWIFT_VERSION = 5.0;
				TARGETED_DEVICE_FAMILY = "1,2";
				TEST_HOST = "$(BUILT_PRODUCTS_DIR)/TT_LBC.app/TT_LBC";
			};
			name = Release;
		};
		533E4E53287F0E3D00E7D112 /* Debug */ = {
			isa = XCBuildConfiguration;
			buildSettings = {
				ALWAYS_EMBED_SWIFT_STANDARD_LIBRARIES = YES;
				CODE_SIGN_STYLE = Automatic;
				CURRENT_PROJECT_VERSION = 1;
				DEVELOPMENT_TEAM = CTHFA2J274;
				GENERATE_INFOPLIST_FILE = YES;
				MARKETING_VERSION = 1.0;
				PRODUCT_BUNDLE_IDENTIFIER = "fr.thib-lambert.TT-LBCUITests";
				PRODUCT_NAME = "$(TARGET_NAME)";
				SWIFT_EMIT_LOC_STRINGS = NO;
				SWIFT_VERSION = 5.0;
				TARGETED_DEVICE_FAMILY = "1,2";
				TEST_TARGET_NAME = TT_LBC;
			};
			name = Debug;
		};
		533E4E54287F0E3D00E7D112 /* Release */ = {
			isa = XCBuildConfiguration;
			buildSettings = {
				ALWAYS_EMBED_SWIFT_STANDARD_LIBRARIES = YES;
				CODE_SIGN_STYLE = Automatic;
				CURRENT_PROJECT_VERSION = 1;
				DEVELOPMENT_TEAM = CTHFA2J274;
				GENERATE_INFOPLIST_FILE = YES;
				MARKETING_VERSION = 1.0;
				PRODUCT_BUNDLE_IDENTIFIER = "fr.thib-lambert.TT-LBCUITests";
				PRODUCT_NAME = "$(TARGET_NAME)";
				SWIFT_EMIT_LOC_STRINGS = NO;
				SWIFT_VERSION = 5.0;
				TARGETED_DEVICE_FAMILY = "1,2";
				TEST_TARGET_NAME = TT_LBC;
			};
			name = Release;
		};
/* End XCBuildConfiguration section */

/* Begin XCConfigurationList section */
		533E4E1D287F0E3C00E7D112 /* Build configuration list for PBXProject "TT_LBC" */ = {
			isa = XCConfigurationList;
			buildConfigurations = (
				533E4E4A287F0E3D00E7D112 /* Debug */,
				533E4E4B287F0E3D00E7D112 /* Release */,
			);
			defaultConfigurationIsVisible = 0;
			defaultConfigurationName = Release;
		};
		533E4E4C287F0E3D00E7D112 /* Build configuration list for PBXNativeTarget "TT_LBC" */ = {
			isa = XCConfigurationList;
			buildConfigurations = (
				533E4E4D287F0E3D00E7D112 /* Debug */,
				533E4E4E287F0E3D00E7D112 /* Release */,
			);
			defaultConfigurationIsVisible = 0;
			defaultConfigurationName = Release;
		};
		533E4E4F287F0E3D00E7D112 /* Build configuration list for PBXNativeTarget "TT_LBCTests" */ = {
			isa = XCConfigurationList;
			buildConfigurations = (
				533E4E50287F0E3D00E7D112 /* Debug */,
				533E4E51287F0E3D00E7D112 /* Release */,
			);
			defaultConfigurationIsVisible = 0;
			defaultConfigurationName = Release;
		};
		533E4E52287F0E3D00E7D112 /* Build configuration list for PBXNativeTarget "TT_LBCUITests" */ = {
			isa = XCConfigurationList;
			buildConfigurations = (
				533E4E53287F0E3D00E7D112 /* Debug */,
				533E4E54287F0E3D00E7D112 /* Release */,
			);
			defaultConfigurationIsVisible = 0;
			defaultConfigurationName = Release;
		};
/* End XCConfigurationList section */
	};
	rootObject = 533E4E1A287F0E3C00E7D112 /* Project object */;
}
